
Microsoft Visual Studio Solution File, Format Version 12.00
# Visual Studio 2012
Project("{FAE04EC0-301F-11D3-BF4B-00C04F79EFBC}") = "Antem.Models", "Antem.Models\Antem.Models.csproj", "{B0BC7DA0-38E7-41B0-B272-FFC1C14289FB}"
EndProject
Project("{FAE04EC0-301F-11D3-BF4B-00C04F79EFBC}") = "Antem.DataProvider", "Antem.DataProvider\Antem.DataProvider.csproj", "{1365A899-4667-4F62-8B76-3AD10B2E1866}"
EndProject
Project("{FAE04EC0-301F-11D3-BF4B-00C04F79EFBC}") = "Antem.Parts", "Antem.Services\Antem.Parts.csproj", "{20D868C3-F234-40AA-B79D-5C31A8284CB9}"
EndProject
Project("{FAE04EC0-301F-11D3-BF4B-00C04F79EFBC}") = "Antem.Test.Models", "Antem.Test.Models\Antem.Test.Models.csproj", "{0413A567-CD7B-4A05-B28B-9850B5B98477}"
EndProject
Project("{FAE04EC0-301F-11D3-BF4B-00C04F79EFBC}") = "Antem.Composition.Mvc", "Antem.Composition\Antem.Composition.Mvc.csproj", "{014116F2-DF99-4700-9267-294407BA3F0C}"
EndProject
Project("{FAE04EC0-301F-11D3-BF4B-00C04F79EFBC}") = "Antem.Web", "Antem.Web\Antem.Web.csproj", "{989EC40B-DDB4-45B7-A9BD-96808934C5B1}"
EndProject
Project("{FAE04EC0-301F-11D3-BF4B-00C04F79EFBC}") = "Antem.Membership", "Antem.Membership\Antem.Membership.csproj", "{08FCD853-F711-46EA-9C15-70B375CAFA4E}"
EndProject
Global
	GlobalSection(SolutionConfigurationPlatforms) = preSolution
		Debug|Any CPU = Debug|Any CPU
		Release|Any CPU = Release|Any CPU
	EndGlobalSection
	GlobalSection(ProjectConfigurationPlatforms) = postSolution
		{B0BC7DA0-38E7-41B0-B272-FFC1C14289FB}.Debug|Any CPU.ActiveCfg = Debug|Any CPU
		{B0BC7DA0-38E7-41B0-B272-FFC1C14289FB}.Debug|Any CPU.Build.0 = Debug|Any CPU
		{B0BC7DA0-38E7-41B0-B272-FFC1C14289FB}.Release|Any CPU.ActiveCfg = Release|Any CPU
		{B0BC7DA0-38E7-41B0-B272-FFC1C14289FB}.Release|Any CPU.Build.0 = Release|Any CPU
		{1365A899-4667-4F62-8B76-3AD10B2E1866}.Debug|Any CPU.ActiveCfg = Debug|Any CPU
		{1365A899-4667-4F62-8B76-3AD10B2E1866}.Debug|Any CPU.Build.0 = Debug|Any CPU
		{1365A899-4667-4F62-8B76-3AD10B2E1866}.Release|Any CPU.ActiveCfg = Release|Any CPU
		{1365A899-4667-4F62-8B76-3AD10B2E1866}.Release|Any CPU.Build.0 = Release|Any CPU
		{20D868C3-F234-40AA-B79D-5C31A8284CB9}.Debug|Any CPU.ActiveCfg = Debug|Any CPU
		{20D868C3-F234-40AA-B79D-5C31A8284CB9}.Debug|Any CPU.Build.0 = Debug|Any CPU
		{20D868C3-F234-40AA-B79D-5C31A8284CB9}.Release|Any CPU.ActiveCfg = Release|Any CPU
		{20D868C3-F234-40AA-B79D-5C31A8284CB9}.Release|Any CPU.Build.0 = Release|Any CPU
		{0413A567-CD7B-4A05-B28B-9850B5B98477}.Debug|Any CPU.ActiveCfg = Debug|Any CPU
		{0413A567-CD7B-4A05-B28B-9850B5B98477}.Debug|Any CPU.Build.0 = Debug|Any CPU
		{0413A567-CD7B-4A05-B28B-9850B5B98477}.Release|Any CPU.ActiveCfg = Release|Any CPU
		{0413A567-CD7B-4A05-B28B-9850B5B98477}.Release|Any CPU.Build.0 = Release|Any CPU
		{014116F2-DF99-4700-9267-294407BA3F0C}.Debug|Any CPU.ActiveCfg = Debug|Any CPU
		{014116F2-DF99-4700-9267-294407BA3F0C}.Debug|Any CPU.Build.0 = Debug|Any CPU
		{014116F2-DF99-4700-9267-294407BA3F0C}.Release|Any CPU.ActiveCfg = Release|Any CPU
		{014116F2-DF99-4700-9267-294407BA3F0C}.Release|Any CPU.Build.0 = Release|Any CPU
		{989EC40B-DDB4-45B7-A9BD-96808934C5B1}.Debug|Any CPU.ActiveCfg = Debug|Any CPU
		{989EC40B-DDB4-45B7-A9BD-96808934C5B1}.Debug|Any CPU.Build.0 = Debug|Any CPU
		{989EC40B-DDB4-45B7-A9BD-96808934C5B1}.Release|Any CPU.ActiveCfg = Release|Any CPU
		{989EC40B-DDB4-45B7-A9BD-96808934C5B1}.Release|Any CPU.Build.0 = Release|Any CPU
		{08FCD853-F711-46EA-9C15-70B375CAFA4E}.Debug|Any CPU.ActiveCfg = Debug|Any CPU
		{08FCD853-F711-46EA-9C15-70B375CAFA4E}.Debug|Any CPU.Build.0 = Debug|Any CPU
		{08FCD853-F711-46EA-9C15-70B375CAFA4E}.Release|Any CPU.ActiveCfg = Release|Any CPU
		{08FCD853-F711-46EA-9C15-70B375CAFA4E}.Release|Any CPU.Build.0 = Release|Any CPU
	EndGlobalSection
	GlobalSection(SolutionProperties) = preSolution
		HideSolutionNode = FALSE
	EndGlobalSection
	GlobalSection(Performance) = preSolution
		HasPerformanceSessions = true
	EndGlobalSection
EndGlobal
